{
  "name": "@agent-space/services",
  "version": "0.1.0",
  "lockfileVersion": 3,
  "requires": true,
  "packages": {
    "": {
      "name": "@agent-space/services",
      "version": "0.1.0",
      "license": "Apache-2.0",
      "dependencies": {
        "@agent-space/db": "file:../db",
        "@agent-space/domain": "file:../domain",
        "fflate": "^0.8.2"
      }
    },
    "../db": {
      "name": "@agent-space/db",
      "version": "0.1.0",
      "license": "Apache-2.0",
      "dependencies": {
        "@agent-space/domain": "file:../domain",
        "pg": "^8.20.0"
      },
      "devDependencies": {
        "@types/node": "^24.6.0",
        "@types/pg": "^8.20.0",
        "typescript": "^5.9.3"
      }
    },
    "../domain": {
      "name": "@agent-space/domain",
      "version": "0.1.0",
      "license": "Apache-2.0"
    },
    "node_modules/@agent-space/db": {
      "resolved": "../db",
      "link": true
    },
    "node_modules/@agent-space/domain": {
      "resolved": "../domain",
      "link": true
    },
    "node_modules/fflate": {
      "version": "0.8.2",
      "resolved": "https://registry.npmjs.org/fflate/-/fflate-0.8.2.tgz",
      "integrity": "sha512-cPJU47OaAoCbg0pBvzsgpTPhmhqI5eJjh/JIu8tPj5q+T7iLvW/JAYUqmE7KOB4R1ZyEhzBaIQpQpardBF5z8A==",
      "license": "MIT"
    }
  }
}
