{
  "name": "@agent-space/cli",
  "version": "0.1.0",
  "lockfileVersion": 3,
  "requires": true,
  "packages": {
    "": {
      "name": "@agent-space/cli",
      "version": "0.1.0",
      "license": "Apache-2.0",
      "dependencies": {
        "@agent-space/db": "file:../../packages/db",
        "@agent-space/domain": "file:../../packages/domain",
        "@agent-space/services": "file:../../packages/services",
        "agent-space-daemon": "file:../../packages/daemon"
      },
      "bin": {
        "agent-space": "bin/agent-space.js"
      },
      "devDependencies": {
        "@types/node": "^24.6.0",
        "typescript": "^5.9.3"
      }
    },
    "../../packages/daemon": {
      "name": "agent-space-daemon",
      "version": "0.1.3",
      "license": "Apache-2.0",
      "dependencies": {
        "@agent-space/db": "file:../db",
        "@agent-space/domain": "file:../domain",
        "@agent-space/sandbox": "file:../sandbox",
        "@agent-space/services": "file:../services"
      },
      "bin": {
        "agent-router": "bin/agent-router.js",
        "agent-space": "bin/agent-space.js",
        "agent-space-daemon": "bin/agent-space-daemon.js"
      },
      "devDependencies": {
        "esbuild": "^0.27.7"
      },
      "engines": {
        "node": ">=20.20.0"
      }
    },
    "../../packages/db": {
      "name": "@agent-space/db",
      "version": "0.1.0",
      "license": "Apache-2.0",
      "dependencies": {
        "@agent-space/domain": "file:../domain",
        "pg": "^8.20.0"
      },
      "devDependencies": {
        "@types/node": "^24.6.0",
        "@types/pg": "^8.20.0",
        "typescript": "^5.9.3"
      }
    },
    "../../packages/domain": {
      "name": "@agent-space/domain",
      "version": "0.1.0",
      "license": "Apache-2.0"
    },
    "../../packages/services": {
      "name": "@agent-space/services",
      "version": "0.1.0",
      "license": "Apache-2.0",
      "dependencies": {
        "@agent-space/db": "file:../db",
        "@agent-space/domain": "file:../domain",
        "fflate": "^0.8.2"
      }
    },
    "node_modules/@agent-space/db": {
      "resolved": "../../packages/db",
      "link": true
    },
    "node_modules/@agent-space/domain": {
      "resolved": "../../packages/domain",
      "link": true
    },
    "node_modules/@agent-space/services": {
      "resolved": "../../packages/services",
      "link": true
    },
    "node_modules/@types/node": {
      "version": "24.12.2",
      "resolved": "https://registry.npmjs.org/@types/node/-/node-24.12.2.tgz",
      "integrity": "sha512-A1sre26ke7HDIuY/M23nd9gfB+nrmhtYyMINbjI1zHJxYteKR6qSMX56FsmjMcDb3SMcjJg5BiRRgOCC/yBD0g==",
      "dev": true,
      "license": "MIT",
      "dependencies": {
        "undici-types": "~7.16.0"
      }
    },
    "node_modules/agent-space-daemon": {
      "resolved": "../../packages/daemon",
      "link": true
    },
    "node_modules/typescript": {
      "version": "5.9.3",
      "resolved": "https://registry.npmjs.org/typescript/-/typescript-5.9.3.tgz",
      "integrity": "sha512-jl1vZzPDinLr9eUt3J/t7V6FgNEw9QjvBPdysz9KfQDD41fQrC2Y4vKQdiaUpFT4bXlb1RHhLpp8wtm6M5TgSw==",
      "dev": true,
      "license": "Apache-2.0",
      "bin": {
        "tsc": "bin/tsc",
        "tsserver": "bin/tsserver"
      },
      "engines": {
        "node": ">=14.17"
      }
    },
    "node_modules/undici-types": {
      "version": "7.16.0",
      "resolved": "https://registry.npmjs.org/undici-types/-/undici-types-7.16.0.tgz",
      "integrity": "sha512-Zz+aZWSj8LE6zoxD+xrjh4VfkIG8Ya6LvYkZqtUQGJPZjYl53ypCaUwWqo7eI0x66KBGeRo+mlBEkMSeSZ38Nw==",
      "dev": true,
      "license": "MIT"
    }
  }
}
